
Microsoft Visual Studio Solution File, Format Version 12.00
# Visual Studio Version 16
VisualStudioVersion = 16.0.31515.178
MinimumVisualStudioVersion = 10.0.40219.1
Project("{9A19103F-16F7-4668-BE54-9A1E7A4F7556}") = "Pokemom.Api", "Pokemom.Api\Pokemom.Api.csproj", "{E8A579B0-10AB-4AB3-9094-08AE640588C4}"
EndProject
Project("{2150E333-8FDC-42A3-9474-1A3956D46DE8}") = "Test", "Test", "{9FC1FBE9-364B-4F11-87C5-5D0101B47294}"
EndProject
Project("{FAE04EC0-301F-11D3-BF4B-00C04F79EFBC}") = "Pokemom.APi.IntergrationTest", "Pokemom.APi.IntergrationTest\Pokemom.APi.IntergrationTest.csproj", "{320E2EFF-6830-4A36-A36C-2DAAAE948615}"
EndProject
Global
	GlobalSection(SolutionConfigurationPlatforms) = preSolution
		Debug|Any CPU = Debug|Any CPU
		Release|Any CPU = Release|Any CPU
	EndGlobalSection
	GlobalSection(ProjectConfigurationPlatforms) = postSolution
		{E8A579B0-10AB-4AB3-9094-08AE640588C4}.Debug|Any CPU.ActiveCfg = Debug|Any CPU
		{E8A579B0-10AB-4AB3-9094-08AE640588C4}.Debug|Any CPU.Build.0 = Debug|Any CPU
		{E8A579B0-10AB-4AB3-9094-08AE640588C4}.Release|Any CPU.ActiveCfg = Release|Any CPU
		{E8A579B0-10AB-4AB3-9094-08AE640588C4}.Release|Any CPU.Build.0 = Release|Any CPU
		{320E2EFF-6830-4A36-A36C-2DAAAE948615}.Debug|Any CPU.ActiveCfg = Debug|Any CPU
		{320E2EFF-6830-4A36-A36C-2DAAAE948615}.Debug|Any CPU.Build.0 = Debug|Any CPU
		{320E2EFF-6830-4A36-A36C-2DAAAE948615}.Release|Any CPU.ActiveCfg = Release|Any CPU
		{320E2EFF-6830-4A36-A36C-2DAAAE948615}.Release|Any CPU.Build.0 = Release|Any CPU
	EndGlobalSection
	GlobalSection(SolutionProperties) = preSolution
		HideSolutionNode = FALSE
	EndGlobalSection
	GlobalSection(NestedProjects) = preSolution
		{320E2EFF-6830-4A36-A36C-2DAAAE948615} = {9FC1FBE9-364B-4F11-87C5-5D0101B47294}
	EndGlobalSection
	GlobalSection(ExtensibilityGlobals) = postSolution
		SolutionGuid = {8DBC01BB-3239-4FB7-8229-CF8E3A47E1C0}
	EndGlobalSection
EndGlobal
